<?xml version="1.0" encoding="utf-8"?>
<Project ToolsVersion="4.0" xmlns="http://schemas.microsoft.com/developer/msbuild/2003">
  <ItemGroup>
    <Filter Include="Source Files">
      <UniqueIdentifier>{4FC737F1-C7A5-4376-A066-2A32D752A2FF}</UniqueIdentifier>
      <Extensions>cpp;c;cc;cxx;def;odl;idl;hpj;bat;asm;asmx</Extensions>
    </Filter>
    <Filter Include="Header Files">
      <UniqueIdentifier>{93995380-89BD-4b04-88EB-625FBE52EBFB}</UniqueIdentifier>
      <Extensions>h;hh;hpp;hxx;hm;inl;inc;xsd</Extensions>
    </Filter>
    <Filter Include="Resource Files">
      <UniqueIdentifier>{67DA6AB6-F800-4c08-8B7A-83BB121AAD01}</UniqueIdentifier>
      <Extensions>rc;ico;cur;bmp;dlg;rc2;rct;bin;rgs;gif;jpg;jpeg;jpe;resx;tiff;tif;png;wav;mfcribbon-ms</Extensions>
    </Filter>
    <Filter Include="Header Files\Animations">
      <UniqueIdentifier>{4632278a-13b5-49e2-b76a-d9fcfc2db35e}</UniqueIdentifier>
    </Filter>
    <Filter Include="Header Files\Sprites">
      <UniqueIdentifier>{ccc1ff59-1aee-4a84-86b5-2876c0ba6407}</UniqueIdentifier>
    </Filter>
    <Filter Include="Source Files\Animations">
      <UniqueIdentifier>{39846e86-036a-479a-8872-47fb5bac2bbb}</UniqueIdentifier>
    </Filter>
    <Filter Include="Source Files\Sprites">
      <UniqueIdentifier>{314190d6-d6d0-471f-bfc8-ebe0dfc63900}</UniqueIdentifier>
    </Filter>
    <Filter Include="Header Files\Input">
      <UniqueIdentifier>{6224dc35-6011-4bd2-8862-c562bca0f193}</UniqueIdentifier>
    </Filter>
    <Filter Include="Source Files\Input">
      <UniqueIdentifier>{05b51bfb-103e-4076-b25f-467ef9bbd684}</UniqueIdentifier>
    </Filter>
    <Filter Include="Header Files\Utilities">
      <UniqueIdentifier>{8a7e0a81-3be5-4b73-b2ac-906320f9fbd1}</UniqueIdentifier>
    </Filter>
    <Filter Include="Source Files\Utilities">
      <UniqueIdentifier>{d98b4462-b493-45e5-b683-89675fc84895}</UniqueIdentifier>
    </Filter>
    <Filter Include="Header Files\Textures">
      <UniqueIdentifier>{1b4b3296-01bf-44a0-9e27-7b14c3167ae4}</UniqueIdentifier>
    </Filter>
    <Filter Include="Source Files\Textures">
      <UniqueIdentifier>{786c8a2c-22f0-4052-baa4-96e682ae82e5}</UniqueIdentifier>
    </Filter>
    <Filter Include="Header Files\Libraries">
      <UniqueIdentifier>{84041035-1618-418c-a5d3-9dce1a1981ba}</UniqueIdentifier>
    </Filter>
    <Filter Include="Source Files\Libraries">
      <UniqueIdentifier>{4f6eb309-e26e-476e-9cf2-602252632d5b}</UniqueIdentifier>
    </Filter>
    <Filter Include="Header Files\Libraries\TinyXML">
      <UniqueIdentifier>{97b1c3ea-11d1-4fe8-bba4-c68169af6867}</UniqueIdentifier>
    </Filter>
    <Filter Include="Source Files\Libraries\TinyXML">
      <UniqueIdentifier>{b88d2177-15c1-4fce-9405-118e17663cdb}</UniqueIdentifier>
    </Filter>
    <Filter Include="Header Files\Models">
      <UniqueIdentifier>{10454289-7b70-49bd-a921-2a43787e71f4}</UniqueIdentifier>
    </Filter>
    <Filter Include="Source Files\Models">
      <UniqueIdentifier>{fd204d76-530f-4f59-88a9-ff1ad619f9f8}</UniqueIdentifier>
    </Filter>
    <Filter Include="Header Files\Models\Characters">
      <UniqueIdentifier>{249ccc3c-7167-46fb-825e-69461e47a05a}</UniqueIdentifier>
    </Filter>
    <Filter Include="Header Files\Models\Characters\Players">
      <UniqueIdentifier>{bf07d580-6285-412d-94be-e84ca6069092}</UniqueIdentifier>
    </Filter>
    <Filter Include="Header Files\Models\Characters\Enemies">
      <UniqueIdentifier>{368103fa-3e67-4df5-806c-4069fdbb244b}</UniqueIdentifier>
    </Filter>
    <Filter Include="Source Files\Models\Misc">
      <UniqueIdentifier>{c12b17d2-c304-4361-8cf4-3c00a50544d1}</UniqueIdentifier>
    </Filter>
    <Filter Include="Header Files\Models\Misc">
      <UniqueIdentifier>{5a57b84b-e7c7-4d96-bacb-6b07e96561c3}</UniqueIdentifier>
    </Filter>
    <Filter Include="Source Files\Models\Characters">
      <UniqueIdentifier>{977b5732-5e19-4ab1-af52-cfeacc36a209}</UniqueIdentifier>
    </Filter>
    <Filter Include="Source Files\Models\Characters\Players">
      <UniqueIdentifier>{f1340eb6-a07e-43aa-bb76-0b6e1f1c90e5}</UniqueIdentifier>
    </Filter>
    <Filter Include="Source Files\Models\Characters\Enemies">
      <UniqueIdentifier>{abdc5852-2433-4572-a667-1c8d1b3b99b2}</UniqueIdentifier>
    </Filter>
  </ItemGroup>
  <ItemGroup>
    <ClCompile Include="Sprites\SpriteManager.cpp">
      <Filter>Source Files\Sprites</Filter>
    </ClCompile>
    <ClCompile Include="Sprites\Sprite.cpp">
      <Filter>Source Files\Sprites</Filter>
    </ClCompile>
    <ClCompile Include="Animations\AnimationManager.cpp">
      <Filter>Source Files\Animations</Filter>
    </ClCompile>
    <ClCompile Include="Animations\Animation.cpp">
      <Filter>Source Files\Animations</Filter>
    </ClCompile>
    <ClCompile Include="Animations\AnimationFrame.cpp">
      <Filter>Source Files\Animations</Filter>
    </ClCompile>
    <ClCompile Include="Game.cpp">
      <Filter>Source Files</Filter>
    </ClCompile>
    <ClCompile Include="main.cpp">
      <Filter>Source Files</Filter>
    </ClCompile>
    <ClCompile Include="Input\InputManager.cpp">
      <Filter>Source Files\Input</Filter>
    </ClCompile>
    <ClCompile Include="Utilities\Color.cpp">
      <Filter>Source Files\Utilities</Filter>
    </ClCompile>
    <ClCompile Include="Textures\TextureManager.cpp">
      <Filter>Source Files\Textures</Filter>
    </ClCompile>
    <ClCompile Include="Libraries\TinyXML\tinyxmlparser.cpp">
      <Filter>Source Files\Libraries\TinyXML</Filter>
    </ClCompile>
    <ClCompile Include="Libraries\TinyXML\tinystr.cpp">
      <Filter>Source Files\Libraries\TinyXML</Filter>
    </ClCompile>
    <ClCompile Include="Libraries\TinyXML\tinyxml.cpp">
      <Filter>Source Files\Libraries\TinyXML</Filter>
    </ClCompile>
    <ClCompile Include="Libraries\TinyXML\tinyxmlerror.cpp">
      <Filter>Source Files\Libraries\TinyXML</Filter>
    </ClCompile>
    <ClCompile Include="Models\GameObject.cpp">
      <Filter>Source Files\Models</Filter>
    </ClCompile>
    <ClCompile Include="Models\Misc\Brick.cpp">
      <Filter>Source Files\Models\Misc</Filter>
    </ClCompile>
    <ClCompile Include="Models\Characters\Enemies\Goomba.cpp">
      <Filter>Source Files\Models\Characters\Enemies</Filter>
    </ClCompile>
    <ClCompile Include="Models\Characters\Players\Mario.cpp">
      <Filter>Source Files\Models\Characters\Players</Filter>
    </ClCompile>
    <ClCompile Include="Utilities\Debug.cpp">
      <Filter>Source Files\Utilities</Filter>
    </ClCompile>
    <ClCompile Include="Utilities\Convert.cpp">
      <Filter>Source Files\Utilities</Filter>
    </ClCompile>
  </ItemGroup>
  <ItemGroup>
    <ClInclude Include="Animations\AnimationManager.h">
      <Filter>Header Files\Animations</Filter>
    </ClInclude>
    <ClInclude Include="Animations\Animation.h">
      <Filter>Header Files\Animations</Filter>
    </ClInclude>
    <ClInclude Include="Animations\AnimationFrame.h">
      <Filter>Header Files\Animations</Filter>
    </ClInclude>
    <ClInclude Include="Sprites\SpriteManager.h">
      <Filter>Header Files\Sprites</Filter>
    </ClInclude>
    <ClInclude Include="Sprites\Sprite.h">
      <Filter>Header Files\Sprites</Filter>
    </ClInclude>
    <ClInclude Include="Game.h">
      <Filter>Header Files</Filter>
    </ClInclude>
    <ClInclude Include="Input\InputManager.h">
      <Filter>Header Files\Input</Filter>
    </ClInclude>
    <ClInclude Include="Input\IKeyEventHandler.h">
      <Filter>Header Files\Input</Filter>
    </ClInclude>
    <ClInclude Include="Utilities\Color.h">
      <Filter>Header Files\Utilities</Filter>
    </ClInclude>
    <ClInclude Include="Textures\TextureManager.h">
      <Filter>Header Files\Textures</Filter>
    </ClInclude>
    <ClInclude Include="Libraries\TinyXML\tinyxml.h">
      <Filter>Header Files\Libraries\TinyXML</Filter>
    </ClInclude>
    <ClInclude Include="Libraries\TinyXML\tinystr.h">
      <Filter>Header Files\Libraries\TinyXML</Filter>
    </ClInclude>
    <ClInclude Include="Models\GameObject.h">
      <Filter>Header Files\Models</Filter>
    </ClInclude>
    <ClInclude Include="Models\Misc\Brick.h">
      <Filter>Header Files\Models\Misc</Filter>
    </ClInclude>
    <ClInclude Include="Models\Characters\Players\Mario.h">
      <Filter>Header Files\Models\Characters\Players</Filter>
    </ClInclude>
    <ClInclude Include="Models\Characters\Enemies\Goomba.h">
      <Filter>Header Files\Models\Characters\Enemies</Filter>
    </ClInclude>
    <ClInclude Include="Utilities\Debug.h">
      <Filter>Header Files\Utilities</Filter>
    </ClInclude>
    <ClInclude Include="Utilities\Convert.h">
      <Filter>Header Files\Utilities</Filter>
    </ClInclude>
    <ClInclude Include="Utilities\Constants.h">
      <Filter>Header Files\Utilities</Filter>
    </ClInclude>
  </ItemGroup>
</Project>