<?xml version="1.0" encoding="utf-8"?>
<Project ToolsVersion="4.0" xmlns="http://schemas.microsoft.com/developer/msbuild/2003">
  <ItemGroup>
    <Filter Include="Source Files">
      <UniqueIdentifier>{4FC737F1-C7A5-4376-A066-2A32D752A2FF}</UniqueIdentifier>
      <Extensions>cpp;c;cc;cxx;def;odl;idl;hpj;bat;asm;asmx</Extensions>
    </Filter>
    <Filter Include="Header Files">
      <UniqueIdentifier>{93995380-89BD-4b04-88EB-625FBE52EBFB}</UniqueIdentifier>
      <Extensions>h;hh;hpp;hxx;hm;inl;inc;xsd</Extensions>
    </Filter>
    <Filter Include="Resource Files">
      <UniqueIdentifier>{67DA6AB6-F800-4c08-8B7A-83BB121AAD01}</UniqueIdentifier>
      <Extensions>rc;ico;cur;bmp;dlg;rc2;rct;bin;rgs;gif;jpg;jpeg;jpe;resx;tiff;tif;png;wav;mfcribbon-ms</Extensions>
    </Filter>
    <Filter Include="Header Files\Animations">
      <UniqueIdentifier>{4632278a-13b5-49e2-b76a-d9fcfc2db35e}</UniqueIdentifier>
    </Filter>
    <Filter Include="Header Files\Sprites">
      <UniqueIdentifier>{ccc1ff59-1aee-4a84-86b5-2876c0ba6407}</UniqueIdentifier>
    </Filter>
    <Filter Include="Source Files\Animations">
      <UniqueIdentifier>{39846e86-036a-479a-8872-47fb5bac2bbb}</UniqueIdentifier>
    </Filter>
    <Filter Include="Source Files\Sprites">
      <UniqueIdentifier>{314190d6-d6d0-471f-bfc8-ebe0dfc63900}</UniqueIdentifier>
    </Filter>
    <Filter Include="Header Files\Input">
      <UniqueIdentifier>{6224dc35-6011-4bd2-8862-c562bca0f193}</UniqueIdentifier>
    </Filter>
    <Filter Include="Source Files\Input">
      <UniqueIdentifier>{05b51bfb-103e-4076-b25f-467ef9bbd684}</UniqueIdentifier>
    </Filter>
    <Filter Include="Header Files\Utilities">
      <UniqueIdentifier>{8a7e0a81-3be5-4b73-b2ac-906320f9fbd1}</UniqueIdentifier>
    </Filter>
    <Filter Include="Source Files\Utilities">
      <UniqueIdentifier>{d98b4462-b493-45e5-b683-89675fc84895}</UniqueIdentifier>
    </Filter>
    <Filter Include="Header Files\Textures">
      <UniqueIdentifier>{1b4b3296-01bf-44a0-9e27-7b14c3167ae4}</UniqueIdentifier>
    </Filter>
    <Filter Include="Source Files\Textures">
      <UniqueIdentifier>{786c8a2c-22f0-4052-baa4-96e682ae82e5}</UniqueIdentifier>
    </Filter>
    <Filter Include="Header Files\Libraries">
      <UniqueIdentifier>{84041035-1618-418c-a5d3-9dce1a1981ba}</UniqueIdentifier>
    </Filter>
    <Filter Include="Source Files\Libraries">
      <UniqueIdentifier>{4f6eb309-e26e-476e-9cf2-602252632d5b}</UniqueIdentifier>
    </Filter>
    <Filter Include="Header Files\Libraries\TinyXML">
      <UniqueIdentifier>{97b1c3ea-11d1-4fe8-bba4-c68169af6867}</UniqueIdentifier>
    </Filter>
    <Filter Include="Source Files\Libraries\TinyXML">
      <UniqueIdentifier>{b88d2177-15c1-4fce-9405-118e17663cdb}</UniqueIdentifier>
    </Filter>
    <Filter Include="Header Files\Models">
      <UniqueIdentifier>{10454289-7b70-49bd-a921-2a43787e71f4}</UniqueIdentifier>
    </Filter>
    <Filter Include="Source Files\Models">
      <UniqueIdentifier>{fd204d76-530f-4f59-88a9-ff1ad619f9f8}</UniqueIdentifier>
    </Filter>
    <Filter Include="Header Files\Models\Characters">
      <UniqueIdentifier>{249ccc3c-7167-46fb-825e-69461e47a05a}</UniqueIdentifier>
    </Filter>
    <Filter Include="Header Files\Models\Characters\Players">
      <UniqueIdentifier>{bf07d580-6285-412d-94be-e84ca6069092}</UniqueIdentifier>
    </Filter>
    <Filter Include="Header Files\Models\Characters\Enemies">
      <UniqueIdentifier>{368103fa-3e67-4df5-806c-4069fdbb244b}</UniqueIdentifier>
    </Filter>
    <Filter Include="Source Files\Models\Misc">
      <UniqueIdentifier>{c12b17d2-c304-4361-8cf4-3c00a50544d1}</UniqueIdentifier>
    </Filter>
    <Filter Include="Header Files\Models\Misc">
      <UniqueIdentifier>{5a57b84b-e7c7-4d96-bacb-6b07e96561c3}</UniqueIdentifier>
    </Filter>
    <Filter Include="Source Files\Models\Characters">
      <UniqueIdentifier>{977b5732-5e19-4ab1-af52-cfeacc36a209}</UniqueIdentifier>
    </Filter>
    <Filter Include="Source Files\Models\Characters\Players">
      <UniqueIdentifier>{f1340eb6-a07e-43aa-bb76-0b6e1f1c90e5}</UniqueIdentifier>
    </Filter>
    <Filter Include="Source Files\Models\Characters\Enemies">
      <UniqueIdentifier>{abdc5852-2433-4572-a667-1c8d1b3b99b2}</UniqueIdentifier>
    </Filter>
    <Filter Include="Header Files\Models\Weapons">
      <UniqueIdentifier>{e29a22c6-23f5-4075-af79-301e2df084f2}</UniqueIdentifier>
    </Filter>
    <Filter Include="Source Files\Models\Weapons">
      <UniqueIdentifier>{2b5ebc30-ab60-4958-a4dc-f29cb6577d67}</UniqueIdentifier>
    </Filter>
    <Filter Include="Header Files\Models\Items">
      <UniqueIdentifier>{796c2888-6628-496c-a733-415e42edab93}</UniqueIdentifier>
    </Filter>
    <Filter Include="Source Files\Models\Items">
      <UniqueIdentifier>{a9d0c2b3-a3c3-44fa-bead-8ba62af311e0}</UniqueIdentifier>
    </Filter>
    <Filter Include="Header Files\Effects">
      <UniqueIdentifier>{750b71f3-8da1-4560-8143-876b9230b5ea}</UniqueIdentifier>
    </Filter>
    <Filter Include="Source Files\Effects">
      <UniqueIdentifier>{813c7c05-f442-4a28-b474-c0e51ac690c8}</UniqueIdentifier>
    </Filter>
    <Filter Include="Header Files\TileMap">
      <UniqueIdentifier>{0ac197d8-d457-4306-8ff9-5783b5d0f965}</UniqueIdentifier>
    </Filter>
    <Filter Include="Source Files\TileMap">
      <UniqueIdentifier>{b57ce46f-0dfb-4f78-b420-58f8f1471982}</UniqueIdentifier>
    </Filter>
    <Filter Include="Header Files\Camera">
      <UniqueIdentifier>{bf39c029-1324-4fe4-8048-0dd7dc38a8d9}</UniqueIdentifier>
    </Filter>
    <Filter Include="Source Files\Camera">
      <UniqueIdentifier>{bc652390-0f47-4acd-a43d-af2aa3f0a75b}</UniqueIdentifier>
    </Filter>
    <Filter Include="Header Files\Scene">
      <UniqueIdentifier>{2dbb7e45-62d8-4b59-984b-48b410347e45}</UniqueIdentifier>
    </Filter>
    <Filter Include="Source Files\Scene">
      <UniqueIdentifier>{4747b93d-49f2-47f3-8be3-3638e6ec0d43}</UniqueIdentifier>
    </Filter>
  </ItemGroup>
  <ItemGroup>
    <ClCompile Include="Sprites\SpriteManager.cpp">
      <Filter>Source Files\Sprites</Filter>
    </ClCompile>
    <ClCompile Include="Sprites\Sprite.cpp">
      <Filter>Source Files\Sprites</Filter>
    </ClCompile>
    <ClCompile Include="Animations\AnimationManager.cpp">
      <Filter>Source Files\Animations</Filter>
    </ClCompile>
    <ClCompile Include="Animations\Animation.cpp">
      <Filter>Source Files\Animations</Filter>
    </ClCompile>
    <ClCompile Include="Animations\AnimationFrame.cpp">
      <Filter>Source Files\Animations</Filter>
    </ClCompile>
    <ClCompile Include="Game.cpp">
      <Filter>Source Files</Filter>
    </ClCompile>
    <ClCompile Include="main.cpp">
      <Filter>Source Files</Filter>
    </ClCompile>
    <ClCompile Include="Input\InputManager.cpp">
      <Filter>Source Files\Input</Filter>
    </ClCompile>
    <ClCompile Include="Utilities\Color.cpp">
      <Filter>Source Files\Utilities</Filter>
    </ClCompile>
    <ClCompile Include="Textures\TextureManager.cpp">
      <Filter>Source Files\Textures</Filter>
    </ClCompile>
    <ClCompile Include="Libraries\TinyXML\tinyxmlparser.cpp">
      <Filter>Source Files\Libraries\TinyXML</Filter>
    </ClCompile>
    <ClCompile Include="Libraries\TinyXML\tinystr.cpp">
      <Filter>Source Files\Libraries\TinyXML</Filter>
    </ClCompile>
    <ClCompile Include="Libraries\TinyXML\tinyxml.cpp">
      <Filter>Source Files\Libraries\TinyXML</Filter>
    </ClCompile>
    <ClCompile Include="Libraries\TinyXML\tinyxmlerror.cpp">
      <Filter>Source Files\Libraries\TinyXML</Filter>
    </ClCompile>
    <ClCompile Include="Models\GameObject.cpp">
      <Filter>Source Files\Models</Filter>
    </ClCompile>
    <ClCompile Include="Utilities\Debug.cpp">
      <Filter>Source Files\Utilities</Filter>
    </ClCompile>
    <ClCompile Include="Utilities\Convert.cpp">
      <Filter>Source Files\Utilities</Filter>
    </ClCompile>
    <ClCompile Include="Models\Characters\Players\Simon.cpp">
      <Filter>Source Files\Models\Characters\Players</Filter>
    </ClCompile>
    <ClCompile Include="Models\Misc\BigCandle.cpp">
      <Filter>Source Files\Models\Misc</Filter>
    </ClCompile>
    <ClCompile Include="Models\Weapons\Whip.cpp">
      <Filter>Source Files\Models\Weapons</Filter>
    </ClCompile>
    <ClCompile Include="Models\Items\Item.cpp">
      <Filter>Source Files\Models\Items</Filter>
    </ClCompile>
    <ClCompile Include="Models\Items\MoneyBag.cpp">
      <Filter>Source Files\Models\Items</Filter>
    </ClCompile>
    <ClCompile Include="Models\Items\EasterEgg.cpp">
      <Filter>Source Files\Models\Items</Filter>
    </ClCompile>
    <ClCompile Include="Effects\Effect.cpp">
      <Filter>Source Files\Effects</Filter>
    </ClCompile>
    <ClCompile Include="Models\Items\BigHeart.cpp">
      <Filter>Source Files\Models\Items</Filter>
    </ClCompile>
    <ClCompile Include="Models\Items\Dagger.cpp">
      <Filter>Source Files\Models\Items</Filter>
    </ClCompile>
    <ClCompile Include="Models\Items\MorningStar.cpp">
      <Filter>Source Files\Models\Items</Filter>
    </ClCompile>
    <ClCompile Include="TileMap\TileMap.cpp">
      <Filter>Source Files\TileMap</Filter>
    </ClCompile>
    <ClCompile Include="Models\Misc\Blackboard.cpp">
      <Filter>Source Files\Models\Misc</Filter>
    </ClCompile>
    <ClCompile Include="Utilities\Label.cpp">
      <Filter>Source Files\Utilities</Filter>
    </ClCompile>
    <ClCompile Include="Models\Weapons\Weapon.cpp">
      <Filter>Source Files\Models\Weapons</Filter>
    </ClCompile>
    <ClCompile Include="Models\Misc\HealthVolume.cpp">
      <Filter>Source Files\Models\Misc</Filter>
    </ClCompile>
    <ClCompile Include="Models\Misc\HealthBar.cpp">
      <Filter>Source Files\Models\Misc</Filter>
    </ClCompile>
    <ClCompile Include="Models\Misc\DoorWall.cpp">
      <Filter>Source Files\Models\Misc</Filter>
    </ClCompile>
    <ClCompile Include="Models\Misc\Door.cpp">
      <Filter>Source Files\Models\Misc</Filter>
    </ClCompile>
    <ClCompile Include="Utilities\Timer.cpp">
      <Filter>Source Files\Utilities</Filter>
    </ClCompile>
    <ClCompile Include="Models\Weapons\WDagger.cpp">
      <Filter>Source Files\Models\Weapons</Filter>
    </ClCompile>
    <ClCompile Include="Camera\Camera.cpp">
      <Filter>Source Files\Camera</Filter>
    </ClCompile>
    <ClCompile Include="Animations\AnimationSets.cpp">
      <Filter>Source Files\Animations</Filter>
    </ClCompile>
    <ClCompile Include="Scenes\Scene.cpp">
      <Filter>Source Files\Scene</Filter>
    </ClCompile>
    <ClCompile Include="Scenes\PlayScene.cpp">
      <Filter>Source Files\Scene</Filter>
    </ClCompile>
    <ClCompile Include="Scenes\IntroScene.cpp">
      <Filter>Source Files\Scene</Filter>
    </ClCompile>
    <ClCompile Include="Models\Misc\Background.cpp">
      <Filter>Source Files\Models\Misc</Filter>
    </ClCompile>
    <ClCompile Include="Models\Misc\IntroBat.cpp">
      <Filter>Source Files\Models\Misc</Filter>
    </ClCompile>
    <ClCompile Include="Scenes\CutScene.cpp">
      <Filter>Source Files\Scene</Filter>
    </ClCompile>
    <ClCompile Include="Models\Misc\Bat.cpp">
      <Filter>Source Files\Models\Misc</Filter>
    </ClCompile>
    <ClCompile Include="Models\Misc\Helicopter.cpp">
      <Filter>Source Files\Models\Misc</Filter>
    </ClCompile>
    <ClCompile Include="Models\Misc\Ground.cpp">
      <Filter>Source Files\Models\Misc</Filter>
    </ClCompile>
  </ItemGroup>
  <ItemGroup>
    <ClInclude Include="Animations\AnimationManager.h">
      <Filter>Header Files\Animations</Filter>
    </ClInclude>
    <ClInclude Include="Animations\Animation.h">
      <Filter>Header Files\Animations</Filter>
    </ClInclude>
    <ClInclude Include="Animations\AnimationFrame.h">
      <Filter>Header Files\Animations</Filter>
    </ClInclude>
    <ClInclude Include="Sprites\SpriteManager.h">
      <Filter>Header Files\Sprites</Filter>
    </ClInclude>
    <ClInclude Include="Sprites\Sprite.h">
      <Filter>Header Files\Sprites</Filter>
    </ClInclude>
    <ClInclude Include="Game.h">
      <Filter>Header Files</Filter>
    </ClInclude>
    <ClInclude Include="Input\InputManager.h">
      <Filter>Header Files\Input</Filter>
    </ClInclude>
    <ClInclude Include="Input\IKeyEventHandler.h">
      <Filter>Header Files\Input</Filter>
    </ClInclude>
    <ClInclude Include="Utilities\Color.h">
      <Filter>Header Files\Utilities</Filter>
    </ClInclude>
    <ClInclude Include="Textures\TextureManager.h">
      <Filter>Header Files\Textures</Filter>
    </ClInclude>
    <ClInclude Include="Libraries\TinyXML\tinyxml.h">
      <Filter>Header Files\Libraries\TinyXML</Filter>
    </ClInclude>
    <ClInclude Include="Libraries\TinyXML\tinystr.h">
      <Filter>Header Files\Libraries\TinyXML</Filter>
    </ClInclude>
    <ClInclude Include="Models\GameObject.h">
      <Filter>Header Files\Models</Filter>
    </ClInclude>
    <ClInclude Include="Utilities\Debug.h">
      <Filter>Header Files\Utilities</Filter>
    </ClInclude>
    <ClInclude Include="Utilities\Convert.h">
      <Filter>Header Files\Utilities</Filter>
    </ClInclude>
    <ClInclude Include="Utilities\Constants.h">
      <Filter>Header Files\Utilities</Filter>
    </ClInclude>
    <ClInclude Include="Models\Characters\Players\Simon.h">
      <Filter>Header Files\Models\Characters\Players</Filter>
    </ClInclude>
    <ClInclude Include="Models\Misc\BigCandle.h">
      <Filter>Header Files\Models\Misc</Filter>
    </ClInclude>
    <ClInclude Include="Models\Weapons\Whip.h">
      <Filter>Header Files\Models\Weapons</Filter>
    </ClInclude>
    <ClInclude Include="Models\Items\Item.h">
      <Filter>Header Files\Models\Items</Filter>
    </ClInclude>
    <ClInclude Include="Models\Items\MoneyBag.h">
      <Filter>Header Files\Models\Items</Filter>
    </ClInclude>
    <ClInclude Include="Models\Items\EasterEgg.h">
      <Filter>Header Files\Models\Items</Filter>
    </ClInclude>
    <ClInclude Include="Effects\Effect.h">
      <Filter>Header Files\Effects</Filter>
    </ClInclude>
    <ClInclude Include="Models\Items\BigHeart.h">
      <Filter>Header Files\Models\Items</Filter>
    </ClInclude>
    <ClInclude Include="Models\Items\MorningStar.h">
      <Filter>Header Files\Models\Items</Filter>
    </ClInclude>
    <ClInclude Include="TileMap\TileMap.h">
      <Filter>Header Files\TileMap</Filter>
    </ClInclude>
    <ClInclude Include="Models\Misc\Blackboard.h">
      <Filter>Header Files\Models\Misc</Filter>
    </ClInclude>
    <ClInclude Include="Models\Items\Dagger.h">
      <Filter>Header Files\Models\Items</Filter>
    </ClInclude>
    <ClInclude Include="Utilities\Label.h">
      <Filter>Header Files\Utilities</Filter>
    </ClInclude>
    <ClInclude Include="Models\Weapons\Weapon.h">
      <Filter>Header Files\Models\Weapons</Filter>
    </ClInclude>
    <ClInclude Include="Models\Misc\HealthBar.h">
      <Filter>Header Files\Models\Misc</Filter>
    </ClInclude>
    <ClInclude Include="Models\Misc\HealthVolume.h">
      <Filter>Header Files\Models\Misc</Filter>
    </ClInclude>
    <ClInclude Include="resource.h">
      <Filter>Header Files</Filter>
    </ClInclude>
    <ClInclude Include="Models\Misc\DoorWall.h">
      <Filter>Header Files\Models\Misc</Filter>
    </ClInclude>
    <ClInclude Include="Models\Misc\Door.h">
      <Filter>Header Files\Models\Misc</Filter>
    </ClInclude>
    <ClInclude Include="Utilities\Timer.h">
      <Filter>Header Files\Utilities</Filter>
    </ClInclude>
    <ClInclude Include="Models\Weapons\WDagger.h">
      <Filter>Header Files\Models\Weapons</Filter>
    </ClInclude>
    <ClInclude Include="Utilities\SafeDelete.h">
      <Filter>Header Files\Utilities</Filter>
    </ClInclude>
    <ClInclude Include="Camera\Camera.h">
      <Filter>Header Files\Camera</Filter>
    </ClInclude>
    <ClInclude Include="Animations\AnimationSets.h">
      <Filter>Header Files\Animations</Filter>
    </ClInclude>
    <ClInclude Include="Scenes\Scene.h">
      <Filter>Header Files\Scene</Filter>
    </ClInclude>
    <ClInclude Include="Scenes\PlayScene.h">
      <Filter>Header Files\Scene</Filter>
    </ClInclude>
    <ClInclude Include="Scenes\IntroScene.h">
      <Filter>Header Files\Scene</Filter>
    </ClInclude>
    <ClInclude Include="Models\Misc\Background.h">
      <Filter>Header Files\Models\Misc</Filter>
    </ClInclude>
    <ClInclude Include="Models\Misc\IntroBat.h">
      <Filter>Header Files\Models\Misc</Filter>
    </ClInclude>
    <ClInclude Include="Scenes\CutScene.h">
      <Filter>Header Files\Scene</Filter>
    </ClInclude>
    <ClInclude Include="Models\Misc\Bat.h">
      <Filter>Header Files\Models\Misc</Filter>
    </ClInclude>
    <ClInclude Include="Models\Misc\Helicopter.h">
      <Filter>Header Files\Models\Misc</Filter>
    </ClInclude>
    <ClInclude Include="Models\Misc\Ground.h">
      <Filter>Header Files\Models\Misc</Filter>
    </ClInclude>
  </ItemGroup>
  <ItemGroup>
    <ResourceCompile Include="Castlevania.rc">
      <Filter>Resource Files</Filter>
    </ResourceCompile>
  </ItemGroup>
  <ItemGroup>
    <Image Include="Icon.ico">
      <Filter>Resource Files</Filter>
    </Image>
  </ItemGroup>
</Project>